
Microsoft Visual Studio Solution File, Format Version 12.00
# Visual Studio 15
VisualStudioVersion = 15.0.28010.2041
MinimumVisualStudioVersion = 10.0.40219.1
Project("{FAE04EC0-301F-11D3-BF4B-00C04F79EFBC}") = "ExShop", "ExShop\ExShop.csproj", "{D2EDEF01-ED9A-4122-8933-7430EFAB98DF}"
EndProject
Global
	GlobalSection(SolutionConfigurationPlatforms) = preSolution
		Debug|Any CPU = Debug|Any CPU
		Release|Any CPU = Release|Any CPU
	EndGlobalSection
	GlobalSection(ProjectConfigurationPlatforms) = postSolution
		{D2EDEF01-ED9A-4122-8933-7430EFAB98DF}.Debug|Any CPU.ActiveCfg = Debug|Any CPU
		{D2EDEF01-ED9A-4122-8933-7430EFAB98DF}.Debug|Any CPU.Build.0 = Debug|Any CPU
		{D2EDEF01-ED9A-4122-8933-7430EFAB98DF}.Release|Any CPU.ActiveCfg = Release|Any CPU
		{D2EDEF01-ED9A-4122-8933-7430EFAB98DF}.Release|Any CPU.Build.0 = Release|Any CPU
	EndGlobalSection
	GlobalSection(SolutionProperties) = preSolution
		HideSolutionNode = FALSE
	EndGlobalSection
	GlobalSection(ExtensibilityGlobals) = postSolution
		SolutionGuid = {A84C761E-A89B-465D-A764-40E09A384140}
	EndGlobalSection
EndGlobal
